
Microsoft Visual Studio Solution File, Format Version 12.00
# Visual Studio 15
VisualStudioVersion = 15.0.26730.10
MinimumVisualStudioVersion = 10.0.40219.1
Project("{9A19103F-16F7-4668-BE54-9A1E7A4F7556}") = "GitServer", "GitServer\GitServer.csproj", "{E723D163-17E9-4526-BD79-867C6F32D255}"
EndProject
Project("{2150E333-8FDC-42A3-9474-1A3956D46DE8}") = "Solution Items", "Solution Items", "{2696C0F9-2763-4FE5-9FA9-77F076B2766A}"
	ProjectSection(SolutionItems) = preProject
		README.md = README.md
	EndProjectSection
EndProject
Project("{FAE04EC0-301F-11D3-BF4B-00C04F79EFBC}") = "GitServer.ApplicationCore", "GitServer.ApplicationCore\GitServer.ApplicationCore.csproj", "{6DC1DDFE-4EFE-44BF-98F2-BD92C2F1CC9B}"
EndProject
Project("{FAE04EC0-301F-11D3-BF4B-00C04F79EFBC}") = "GitServer.Infrastructure", "GitServer.Infrastructure\GitServer.Infrastructure.csproj", "{27F49596-2EF5-4B05-A3F9-D6CACB6E581F}"
EndProject
Global
	GlobalSection(SolutionConfigurationPlatforms) = preSolution
		Debug|Any CPU = Debug|Any CPU
		Release|Any CPU = Release|Any CPU
	EndGlobalSection
	GlobalSection(ProjectConfigurationPlatforms) = postSolution
		{E723D163-17E9-4526-BD79-867C6F32D255}.Debug|Any CPU.ActiveCfg = Debug|Any CPU
		{E723D163-17E9-4526-BD79-867C6F32D255}.Debug|Any CPU.Build.0 = Debug|Any CPU
		{E723D163-17E9-4526-BD79-867C6F32D255}.Release|Any CPU.ActiveCfg = Release|Any CPU
		{E723D163-17E9-4526-BD79-867C6F32D255}.Release|Any CPU.Build.0 = Release|Any CPU
		{6DC1DDFE-4EFE-44BF-98F2-BD92C2F1CC9B}.Debug|Any CPU.ActiveCfg = Debug|Any CPU
		{6DC1DDFE-4EFE-44BF-98F2-BD92C2F1CC9B}.Debug|Any CPU.Build.0 = Debug|Any CPU
		{6DC1DDFE-4EFE-44BF-98F2-BD92C2F1CC9B}.Release|Any CPU.ActiveCfg = Release|Any CPU
		{6DC1DDFE-4EFE-44BF-98F2-BD92C2F1CC9B}.Release|Any CPU.Build.0 = Release|Any CPU
		{27F49596-2EF5-4B05-A3F9-D6CACB6E581F}.Debug|Any CPU.ActiveCfg = Debug|Any CPU
		{27F49596-2EF5-4B05-A3F9-D6CACB6E581F}.Debug|Any CPU.Build.0 = Debug|Any CPU
		{27F49596-2EF5-4B05-A3F9-D6CACB6E581F}.Release|Any CPU.ActiveCfg = Release|Any CPU
		{27F49596-2EF5-4B05-A3F9-D6CACB6E581F}.Release|Any CPU.Build.0 = Release|Any CPU
	EndGlobalSection
	GlobalSection(SolutionProperties) = preSolution
		HideSolutionNode = FALSE
	EndGlobalSection
	GlobalSection(ExtensibilityGlobals) = postSolution
		SolutionGuid = {E906DFD5-1C5D-4A63-B040-FB80C8016CDF}
	EndGlobalSection
EndGlobal
